{
  "name": "@codexsun/ecommerce",
  "version": "0.1.0",
  "lockfileVersion": 3,
  "requires": true,
  "packages": {
    "": {
      "name": "@codexsun/ecommerce",
      "version": "0.1.0",
      "workspaces": [
        "api",
        "web"
      ],
      "devDependencies": {
        "@types/node": "^24.0.0",
        "typescript": "^5.0.0"
      }
    },
    "../core/packages/contracts": {
      "name": "@codexsun/contracts",
      "version": "1.0.46",
      "dependencies": {
        "zod": "^3.25.76"
      }
    },
    "../framework": {
      "name": "@codexsun/framework",
      "version": "1.0.46",
      "devDependencies": {
        "@eslint/js": "^9.39.0",
        "@types/node": "^24.0.0",
        "eslint": "^9.0.0",
        "globals": "^17.12.0",
        "tsx": "^4.0.0",
        "typescript": "^5.0.0",
        "typescript-eslint": "^8.70.0"
      }
    },
    "../platform/packages/platform-core": {
      "name": "@codexsun/platform-core",
      "version": "1.0.46",
      "dependencies": {
        "@codexsun/framework": "file:../../../framework",
        "fastify": "^5.0.0",
        "kysely": "^0.29.6",
        "mysql2": "^3.24.4",
        "zod": "^3.25.76"
      }
    },
    "../ui": {
      "name": "@codexsun/ui",
      "version": "1.0.46",
      "dependencies": {
        "@base-ui/react": "^1.8.0",
        "@dnd-kit/core": "^6.3.1",
        "@dnd-kit/modifiers": "^9.0.0",
        "@dnd-kit/sortable": "^10.0.0",
        "@dnd-kit/utilities": "^3.2.2",
        "@shadcn/react": "^0.3.1",
        "@tabler/icons-react": "^3.46.0",
        "@tanstack/react-table": "^9.2.4",
        "@tiptap/core": "^3.30.5",
        "@tiptap/extension-highlight": "^3.30.5",
        "@tiptap/extension-image": "^3.30.5",
        "@tiptap/extension-link": "^3.30.5",
        "@tiptap/extension-placeholder": "^3.30.5",
        "@tiptap/extension-subscript": "^3.30.5",
        "@tiptap/extension-superscript": "^3.30.5",
        "@tiptap/extension-task-item": "^3.30.5",
        "@tiptap/extension-task-list": "^3.30.5",
        "@tiptap/extension-text-align": "^3.30.5",
        "@tiptap/extension-text-style": "^3.30.5",
        "@tiptap/extension-underline": "^3.30.5",
        "@tiptap/react": "^3.30.5",
        "@tiptap/starter-kit": "^3.30.5",
        "@tiptap/suggestion": "^3.30.5",
        "class-variance-authority": "^0.7.1",
        "clsx": "latest",
        "cmdk": "^1.1.1",
        "date-fns": "^4.4.0",
        "embla-carousel-react": "^8.6.0",
        "framer-motion": "^13.2.0",
        "input-otp": "1.4.2",
        "jspdf": "^3.0.3",
        "lucide-react": "^1.33.0",
        "mermaid": "^12.0.0",
        "next-themes": "^0.4.6",
        "radix-ui": "^1.6.7",
        "react": "latest",
        "react-day-picker": "^10.0.1",
        "react-dom": "latest",
        "react-markdown": "^10.1.0",
        "react-resizable-panels": "^4.12.4",
        "recharts": "^3.8.0",
        "remark-gfm": "^4.0.1",
        "sonner": "^2.0.8",
        "tailwind-merge": "latest",
        "vaul": "^1.1.2",
        "zod": "^4.5.4"
      },
      "devDependencies": {
        "@eslint/js": "^9.39.0",
        "@types/node": "^24.0.0",
        "@types/react": "latest",
        "@types/react-dom": "latest",
        "eslint": "^9.0.0",
        "globals": "^17.12.0",
        "tsx": "^4.0.0",
        "typescript": "^5.0.0",
        "typescript-eslint": "^8.70.0"
      }
    },
    "api": {
      "name": "@codexsun/ecommerce-api",
      "version": "0.1.0",
      "dependencies": {
        "@codexsun/contracts": "file:../../core/packages/contracts",
        "@codexsun/framework": "file:../../framework",
        "@codexsun/platform-core": "file:../../platform/packages/platform-core"
      }
    },
    "node_modules/@codexsun/contracts": {
      "resolved": "../core/packages/contracts",
      "link": true
    },
    "node_modules/@codexsun/ecommerce-api": {
      "resolved": "api",
      "link": true
    },
    "node_modules/@codexsun/ecommerce-web": {
      "resolved": "web",
      "link": true
    },
    "node_modules/@codexsun/framework": {
      "resolved": "../framework",
      "link": true
    },
    "node_modules/@codexsun/platform-core": {
      "resolved": "../platform/packages/platform-core",
      "link": true
    },
    "node_modules/@codexsun/ui": {
      "resolved": "../ui",
      "link": true
    },
    "node_modules/@types/node": {
      "version": "24.19.0",
      "resolved": "https://registry.npmjs.org/@types/node/-/node-24.19.0.tgz",
      "integrity": "sha512-zY+5tKxXdhGh1PYI0ac+7juvEu4OI6vWtVVoj5i2m42jxAY1U+zHGt6QCyOFwykdP62sM3MJ9stoYYUw5aCWew==",
      "dev": true,
      "license": "MIT",
      "dependencies": {
        "undici-types": ">=7.24.0 <7.24.7"
      }
    },
    "node_modules/react": {
      "version": "19.3.0",
      "resolved": "https://registry.npmjs.org/react/-/react-19.3.0.tgz",
      "integrity": "sha512-E8LUcbtBWt20bbl2YoHfx4ZDBdxVTfOKtCZn9cDSJ4l6/nuoApcpIBcj47t2wZoVX8g2ZHuMHbiShgCR1T5Sog==",
      "license": "MIT",
      "engines": {
        "node": ">=0.10.0"
      }
    },
    "node_modules/react-dom": {
      "version": "19.3.0",
      "resolved": "https://registry.npmjs.org/react-dom/-/react-dom-19.3.0.tgz",
      "integrity": "sha512-JDk8dgif51OjFoDE70+OT9ICyYr+69HlmihNwp1+Nsfbna3t5sIiCa9ZJktDmQ4/1b/rn26hIAR2uYXDMr5r0Q==",
      "license": "MIT",
      "dependencies": {
        "scheduler": "^0.28.0"
      },
      "peerDependencies": {
        "react": "^19.3.0"
      }
    },
    "node_modules/scheduler": {
      "version": "0.28.0",
      "resolved": "https://registry.npmjs.org/scheduler/-/scheduler-0.28.0.tgz",
      "integrity": "sha512-juorfCmIkIw8tT+p5BXSm6PJjQF/ycEYmKyzURCIt/RaZIhL+PulbQ9Yu2z1HdOJDdqDTlxA1+xKBmHXJsczAw==",
      "license": "MIT"
    },
    "node_modules/typescript": {
      "version": "5.9.3",
      "resolved": "https://registry.npmjs.org/typescript/-/typescript-5.9.3.tgz",
      "integrity": "sha512-jl1vZzPDinLr9eUt3J/t7V6FgNEw9QjvBPdysz9KfQDD41fQrC2Y4vKQdiaUpFT4bXlb1RHhLpp8wtm6M5TgSw==",
      "dev": true,
      "license": "Apache-2.0",
      "bin": {
        "tsc": "bin/tsc",
        "tsserver": "bin/tsserver"
      },
      "engines": {
        "node": ">=14.17"
      }
    },
    "node_modules/undici-types": {
      "version": "7.24.6",
      "resolved": "https://registry.npmjs.org/undici-types/-/undici-types-7.24.6.tgz",
      "integrity": "sha512-WRNW+sJgj5OBN4/0JpHFqtqzhpbnV0GuB+OozA9gCL7a993SmU+1JBZCzLNxYsbMfIeDL+lTsphD5jN5N+n0zg==",
      "dev": true,
      "license": "MIT"
    },
    "web": {
      "name": "@codexsun/ecommerce-web",
      "version": "0.1.0",
      "dependencies": {
        "@codexsun/ui": "file:../../ui",
        "react": "^19.3.0",
        "react-dom": "^19.3.0"
      }
    }
  }
}
